
Microsoft Visual Studio Solution File, Format Version 12.00
# Visual Studio 14
VisualStudioVersion = 14.0.25420.1
MinimumVisualStudioVersion = 10.0.40219.1
Project("{FAE04EC0-301F-11D3-BF4B-00C04F79EFBC}") = "DumpSymbols", "DumpSymbols\DumpSymbols.csproj", "{1CE9CC2F-4E0D-4B38-BFDE-ADD2E080221A}"
EndProject
Global
	GlobalSection(SolutionConfigurationPlatforms) = preSolution
		Debug|Any CPU = Debug|Any CPU
		Release|Any CPU = Release|Any CPU
	EndGlobalSection
	GlobalSection(ProjectConfigurationPlatforms) = postSolution
		{1CE9CC2F-4E0D-4B38-BFDE-ADD2E080221A}.Debug|Any CPU.ActiveCfg = Debug|Any CPU
		{1CE9CC2F-4E0D-4B38-BFDE-ADD2E080221A}.Debug|Any CPU.Build.0 = Debug|Any CPU
		{1CE9CC2F-4E0D-4B38-BFDE-ADD2E080221A}.Release|Any CPU.ActiveCfg = Release|Any CPU
		{1CE9CC2F-4E0D-4B38-BFDE-ADD2E080221A}.Release|Any CPU.Build.0 = Release|Any CPU
	EndGlobalSection
	GlobalSection(SolutionProperties) = preSolution
		HideSolutionNode = FALSE
	EndGlobalSection
EndGlobal
